
Microsoft Visual Studio Solution File, Format Version 12.00
# Visual Studio Version 16
VisualStudioVersion = 16.0.29306.81
MinimumVisualStudioVersion = 10.0.40219.1
Project("{9A19103F-16F7-4668-BE54-9A1E7A4F7556}") = "Advokati.WebAPI", "Advokati.WebAPI\Advokati.WebAPI.csproj", "{41B14970-8FEF-4EE8-8BE9-C0AFDF61D1D7}"
EndProject
Project("{9A19103F-16F7-4668-BE54-9A1E7A4F7556}") = "Advokati.Model", "Advokati.Model\Advokati.Model.csproj", "{AC007E2E-6677-4431-BFCC-DD7BC53C69A5}"
EndProject
Project("{2150E333-8FDC-42A3-9474-1A3956D46DE8}") = "UI", "UI", "{F9856B6B-C90A-416A-8305-567C76D3E731}"
EndProject
Project("{FAE04EC0-301F-11D3-BF4B-00C04F79EFBC}") = "Advokati.WinUI", "Advokati.WinUI\Advokati.WinUI.csproj", "{CF7B58FA-E858-4C62-8A14-BE3319A37E5E}"
EndProject
Project("{2150E333-8FDC-42A3-9474-1A3956D46DE8}") = "Advokat.Mobile", "Advokat.Mobile", "{A915F2B1-CA9E-4447-8848-8896DB274A5F}"
EndProject
Project("{FAE04EC0-301F-11D3-BF4B-00C04F79EFBC}") = "Advokati.Mobile.UWP", "Advokati.Mobile\Advokati.Mobile.UWP\Advokati.Mobile.UWP.csproj", "{3D6AB854-F9DA-43D4-BF63-417AAD68D532}"
EndProject
Project("{FAE04EC0-301F-11D3-BF4B-00C04F79EFBC}") = "Advokati.Mobile.Android", "Advokati.Mobile\Advokati.Mobile.Android\Advokati.Mobile.Android.csproj", "{518F840A-401D-4B51-9C06-732A02006CCF}"
EndProject
Project("{FAE04EC0-301F-11D3-BF4B-00C04F79EFBC}") = "Advokati.Mobile.iOS", "Advokati.Mobile\Advokati.Mobile.iOS\Advokati.Mobile.iOS.csproj", "{A6BC824F-139D-49D7-B1FA-A199B92487CE}"
EndProject
Project("{9A19103F-16F7-4668-BE54-9A1E7A4F7556}") = "Advokati.Mobile", "Advokati.Mobile\Advokati.Mobile\Advokati.Mobile.csproj", "{828FEC83-EFB0-4E18-8C84-D110B7D9CD00}"
EndProject
Project("{FAE04EC0-301F-11D3-BF4B-00C04F79EFBC}") = "NotificationService", "NotificationService\NotificationService.csproj", "{CD7C1C24-51E4-4953-A735-8C5892213700}"
EndProject
Project("{FAE04EC0-301F-11D3-BF4B-00C04F79EFBC}") = "NotificationServiceV1", "NotificationServiceV1\NotificationServiceV1.csproj", "{84CD07F2-1B41-422B-9849-B5A1B7AE9119}"
EndProject
Global
	GlobalSection(SolutionConfigurationPlatforms) = preSolution
		Debug|Any CPU = Debug|Any CPU
		Debug|ARM = Debug|ARM
		Debug|iPhone = Debug|iPhone
		Debug|iPhoneSimulator = Debug|iPhoneSimulator
		Debug|x64 = Debug|x64
		Debug|x86 = Debug|x86
		Release|Any CPU = Release|Any CPU
		Release|ARM = Release|ARM
		Release|iPhone = Release|iPhone
		Release|iPhoneSimulator = Release|iPhoneSimulator
		Release|x64 = Release|x64
		Release|x86 = Release|x86
	EndGlobalSection
	GlobalSection(ProjectConfigurationPlatforms) = postSolution
		{41B14970-8FEF-4EE8-8BE9-C0AFDF61D1D7}.Debug|Any CPU.ActiveCfg = Debug|Any CPU
		{41B14970-8FEF-4EE8-8BE9-C0AFDF61D1D7}.Debug|Any CPU.Build.0 = Debug|Any CPU
		{41B14970-8FEF-4EE8-8BE9-C0AFDF61D1D7}.Debug|ARM.ActiveCfg = Debug|Any CPU
		{41B14970-8FEF-4EE8-8BE9-C0AFDF61D1D7}.Debug|ARM.Build.0 = Debug|Any CPU
		{41B14970-8FEF-4EE8-8BE9-C0AFDF61D1D7}.Debug|iPhone.ActiveCfg = Debug|Any CPU
		{41B14970-8FEF-4EE8-8BE9-C0AFDF61D1D7}.Debug|iPhone.Build.0 = Debug|Any CPU
		{41B14970-8FEF-4EE8-8BE9-C0AFDF61D1D7}.Debug|iPhoneSimulator.ActiveCfg = Debug|Any CPU
		{41B14970-8FEF-4EE8-8BE9-C0AFDF61D1D7}.Debug|iPhoneSimulator.Build.0 = Debug|Any CPU
		{41B14970-8FEF-4EE8-8BE9-C0AFDF61D1D7}.Debug|x64.ActiveCfg = Debug|Any CPU
		{41B14970-8FEF-4EE8-8BE9-C0AFDF61D1D7}.Debug|x64.Build.0 = Debug|Any CPU
		{41B14970-8FEF-4EE8-8BE9-C0AFDF61D1D7}.Debug|x86.ActiveCfg = Debug|Any CPU
		{41B14970-8FEF-4EE8-8BE9-C0AFDF61D1D7}.Debug|x86.Build.0 = Debug|Any CPU
		{41B14970-8FEF-4EE8-8BE9-C0AFDF61D1D7}.Release|Any CPU.ActiveCfg = Release|Any CPU
		{41B14970-8FEF-4EE8-8BE9-C0AFDF61D1D7}.Release|Any CPU.Build.0 = Release|Any CPU
		{41B14970-8FEF-4EE8-8BE9-C0AFDF61D1D7}.Release|ARM.ActiveCfg = Release|Any CPU
		{41B14970-8FEF-4EE8-8BE9-C0AFDF61D1D7}.Release|ARM.Build.0 = Release|Any CPU
		{41B14970-8FEF-4EE8-8BE9-C0AFDF61D1D7}.Release|iPhone.ActiveCfg = Release|Any CPU
		{41B14970-8FEF-4EE8-8BE9-C0AFDF61D1D7}.Release|iPhone.Build.0 = Release|Any CPU
		{41B14970-8FEF-4EE8-8BE9-C0AFDF61D1D7}.Release|iPhoneSimulator.ActiveCfg = Release|Any CPU
		{41B14970-8FEF-4EE8-8BE9-C0AFDF61D1D7}.Release|iPhoneSimulator.Build.0 = Release|Any CPU
		{41B14970-8FEF-4EE8-8BE9-C0AFDF61D1D7}.Release|x64.ActiveCfg = Release|Any CPU
		{41B14970-8FEF-4EE8-8BE9-C0AFDF61D1D7}.Release|x64.Build.0 = Release|Any CPU
		{41B14970-8FEF-4EE8-8BE9-C0AFDF61D1D7}.Release|x86.ActiveCfg = Release|Any CPU
		{41B14970-8FEF-4EE8-8BE9-C0AFDF61D1D7}.Release|x86.Build.0 = Release|Any CPU
		{AC007E2E-6677-4431-BFCC-DD7BC53C69A5}.Debug|Any CPU.ActiveCfg = Debug|Any CPU
		{AC007E2E-6677-4431-BFCC-DD7BC53C69A5}.Debug|Any CPU.Build.0 = Debug|Any CPU
		{AC007E2E-6677-4431-BFCC-DD7BC53C69A5}.Debug|ARM.ActiveCfg = Debug|Any CPU
		{AC007E2E-6677-4431-BFCC-DD7BC53C69A5}.Debug|ARM.Build.0 = Debug|Any CPU
		{AC007E2E-6677-4431-BFCC-DD7BC53C69A5}.Debug|iPhone.ActiveCfg = Debug|Any CPU
		{AC007E2E-6677-4431-BFCC-DD7BC53C69A5}.Debug|iPhone.Build.0 = Debug|Any CPU
		{AC007E2E-6677-4431-BFCC-DD7BC53C69A5}.Debug|iPhoneSimulator.ActiveCfg = Debug|Any CPU
		{AC007E2E-6677-4431-BFCC-DD7BC53C69A5}.Debug|iPhoneSimulator.Build.0 = Debug|Any CPU
		{AC007E2E-6677-4431-BFCC-DD7BC53C69A5}.Debug|x64.ActiveCfg = Debug|Any CPU
		{AC007E2E-6677-4431-BFCC-DD7BC53C69A5}.Debug|x64.Build.0 = Debug|Any CPU
		{AC007E2E-6677-4431-BFCC-DD7BC53C69A5}.Debug|x86.ActiveCfg = Debug|Any CPU
		{AC007E2E-6677-4431-BFCC-DD7BC53C69A5}.Debug|x86.Build.0 = Debug|Any CPU
		{AC007E2E-6677-4431-BFCC-DD7BC53C69A5}.Release|Any CPU.ActiveCfg = Release|Any CPU
		{AC007E2E-6677-4431-BFCC-DD7BC53C69A5}.Release|Any CPU.Build.0 = Release|Any CPU
		{AC007E2E-6677-4431-BFCC-DD7BC53C69A5}.Release|ARM.ActiveCfg = Release|Any CPU
		{AC007E2E-6677-4431-BFCC-DD7BC53C69A5}.Release|ARM.Build.0 = Release|Any CPU
		{AC007E2E-6677-4431-BFCC-DD7BC53C69A5}.Release|iPhone.ActiveCfg = Release|Any CPU
		{AC007E2E-6677-4431-BFCC-DD7BC53C69A5}.Release|iPhone.Build.0 = Release|Any CPU
		{AC007E2E-6677-4431-BFCC-DD7BC53C69A5}.Release|iPhoneSimulator.ActiveCfg = Release|Any CPU
		{AC007E2E-6677-4431-BFCC-DD7BC53C69A5}.Release|iPhoneSimulator.Build.0 = Release|Any CPU
		{AC007E2E-6677-4431-BFCC-DD7BC53C69A5}.Release|x64.ActiveCfg = Release|Any CPU
		{AC007E2E-6677-4431-BFCC-DD7BC53C69A5}.Release|x64.Build.0 = Release|Any CPU
		{AC007E2E-6677-4431-BFCC-DD7BC53C69A5}.Release|x86.ActiveCfg = Release|Any CPU
		{AC007E2E-6677-4431-BFCC-DD7BC53C69A5}.Release|x86.Build.0 = Release|Any CPU
		{CF7B58FA-E858-4C62-8A14-BE3319A37E5E}.Debug|Any CPU.ActiveCfg = Debug|Any CPU
		{CF7B58FA-E858-4C62-8A14-BE3319A37E5E}.Debug|Any CPU.Build.0 = Debug|Any CPU
		{CF7B58FA-E858-4C62-8A14-BE3319A37E5E}.Debug|ARM.ActiveCfg = Debug|Any CPU
		{CF7B58FA-E858-4C62-8A14-BE3319A37E5E}.Debug|ARM.Build.0 = Debug|Any CPU
		{CF7B58FA-E858-4C62-8A14-BE3319A37E5E}.Debug|iPhone.ActiveCfg = Debug|Any CPU
		{CF7B58FA-E858-4C62-8A14-BE3319A37E5E}.Debug|iPhone.Build.0 = Debug|Any CPU
		{CF7B58FA-E858-4C62-8A14-BE3319A37E5E}.Debug|iPhoneSimulator.ActiveCfg = Debug|Any CPU
		{CF7B58FA-E858-4C62-8A14-BE3319A37E5E}.Debug|iPhoneSimulator.Build.0 = Debug|Any CPU
		{CF7B58FA-E858-4C62-8A14-BE3319A37E5E}.Debug|x64.ActiveCfg = Debug|Any CPU
		{CF7B58FA-E858-4C62-8A14-BE3319A37E5E}.Debug|x64.Build.0 = Debug|Any CPU
		{CF7B58FA-E858-4C62-8A14-BE3319A37E5E}.Debug|x86.ActiveCfg = Debug|Any CPU
		{CF7B58FA-E858-4C62-8A14-BE3319A37E5E}.Debug|x86.Build.0 = Debug|Any CPU
		{CF7B58FA-E858-4C62-8A14-BE3319A37E5E}.Release|Any CPU.ActiveCfg = Release|Any CPU
		{CF7B58FA-E858-4C62-8A14-BE3319A37E5E}.Release|Any CPU.Build.0 = Release|Any CPU
		{CF7B58FA-E858-4C62-8A14-BE3319A37E5E}.Release|ARM.ActiveCfg = Release|Any CPU
		{CF7B58FA-E858-4C62-8A14-BE3319A37E5E}.Release|ARM.Build.0 = Release|Any CPU
		{CF7B58FA-E858-4C62-8A14-BE3319A37E5E}.Release|iPhone.ActiveCfg = Release|Any CPU
		{CF7B58FA-E858-4C62-8A14-BE3319A37E5E}.Release|iPhone.Build.0 = Release|Any CPU
		{CF7B58FA-E858-4C62-8A14-BE3319A37E5E}.Release|iPhoneSimulator.ActiveCfg = Release|Any CPU
		{CF7B58FA-E858-4C62-8A14-BE3319A37E5E}.Release|iPhoneSimulator.Build.0 = Release|Any CPU
		{CF7B58FA-E858-4C62-8A14-BE3319A37E5E}.Release|x64.ActiveCfg = Release|Any CPU
		{CF7B58FA-E858-4C62-8A14-BE3319A37E5E}.Release|x64.Build.0 = Release|Any CPU
		{CF7B58FA-E858-4C62-8A14-BE3319A37E5E}.Release|x86.ActiveCfg = Release|Any CPU
		{CF7B58FA-E858-4C62-8A14-BE3319A37E5E}.Release|x86.Build.0 = Release|Any CPU
		{3D6AB854-F9DA-43D4-BF63-417AAD68D532}.Debug|Any CPU.ActiveCfg = Debug|x86
		{3D6AB854-F9DA-43D4-BF63-417AAD68D532}.Debug|ARM.ActiveCfg = Debug|ARM
		{3D6AB854-F9DA-43D4-BF63-417AAD68D532}.Debug|ARM.Build.0 = Debug|ARM
		{3D6AB854-F9DA-43D4-BF63-417AAD68D532}.Debug|ARM.Deploy.0 = Debug|ARM
		{3D6AB854-F9DA-43D4-BF63-417AAD68D532}.Debug|iPhone.ActiveCfg = Debug|x86
		{3D6AB854-F9DA-43D4-BF63-417AAD68D532}.Debug|iPhoneSimulator.ActiveCfg = Debug|x86
		{3D6AB854-F9DA-43D4-BF63-417AAD68D532}.Debug|x64.ActiveCfg = Debug|x64
		{3D6AB854-F9DA-43D4-BF63-417AAD68D532}.Debug|x64.Build.0 = Debug|x64
		{3D6AB854-F9DA-43D4-BF63-417AAD68D532}.Debug|x64.Deploy.0 = Debug|x64
		{3D6AB854-F9DA-43D4-BF63-417AAD68D532}.Debug|x86.ActiveCfg = Debug|x86
		{3D6AB854-F9DA-43D4-BF63-417AAD68D532}.Debug|x86.Build.0 = Debug|x86
		{3D6AB854-F9DA-43D4-BF63-417AAD68D532}.Debug|x86.Deploy.0 = Debug|x86
		{3D6AB854-F9DA-43D4-BF63-417AAD68D532}.Release|Any CPU.ActiveCfg = Release|x86
		{3D6AB854-F9DA-43D4-BF63-417AAD68D532}.Release|ARM.ActiveCfg = Release|ARM
		{3D6AB854-F9DA-43D4-BF63-417AAD68D532}.Release|ARM.Build.0 = Release|ARM
		{3D6AB854-F9DA-43D4-BF63-417AAD68D532}.Release|ARM.Deploy.0 = Release|ARM
		{3D6AB854-F9DA-43D4-BF63-417AAD68D532}.Release|iPhone.ActiveCfg = Release|x86
		{3D6AB854-F9DA-43D4-BF63-417AAD68D532}.Release|iPhoneSimulator.ActiveCfg = Release|x86
		{3D6AB854-F9DA-43D4-BF63-417AAD68D532}.Release|x64.ActiveCfg = Release|x64
		{3D6AB854-F9DA-43D4-BF63-417AAD68D532}.Release|x64.Build.0 = Release|x64
		{3D6AB854-F9DA-43D4-BF63-417AAD68D532}.Release|x64.Deploy.0 = Release|x64
		{3D6AB854-F9DA-43D4-BF63-417AAD68D532}.Release|x86.ActiveCfg = Release|x86
		{3D6AB854-F9DA-43D4-BF63-417AAD68D532}.Release|x86.Build.0 = Release|x86
		{3D6AB854-F9DA-43D4-BF63-417AAD68D532}.Release|x86.Deploy.0 = Release|x86
		{518F840A-401D-4B51-9C06-732A02006CCF}.Debug|Any CPU.ActiveCfg = Debug|Any CPU
		{518F840A-401D-4B51-9C06-732A02006CCF}.Debug|Any CPU.Build.0 = Debug|Any CPU
		{518F840A-401D-4B51-9C06-732A02006CCF}.Debug|Any CPU.Deploy.0 = Debug|Any CPU
		{518F840A-401D-4B51-9C06-732A02006CCF}.Debug|ARM.ActiveCfg = Debug|Any CPU
		{518F840A-401D-4B51-9C06-732A02006CCF}.Debug|ARM.Build.0 = Debug|Any CPU
		{518F840A-401D-4B51-9C06-732A02006CCF}.Debug|ARM.Deploy.0 = Debug|Any CPU
		{518F840A-401D-4B51-9C06-732A02006CCF}.Debug|iPhone.ActiveCfg = Debug|Any CPU
		{518F840A-401D-4B51-9C06-732A02006CCF}.Debug|iPhone.Build.0 = Debug|Any CPU
		{518F840A-401D-4B51-9C06-732A02006CCF}.Debug|iPhone.Deploy.0 = Debug|Any CPU
		{518F840A-401D-4B51-9C06-732A02006CCF}.Debug|iPhoneSimulator.ActiveCfg = Debug|Any CPU
		{518F840A-401D-4B51-9C06-732A02006CCF}.Debug|iPhoneSimulator.Build.0 = Debug|Any CPU
		{518F840A-401D-4B51-9C06-732A02006CCF}.Debug|iPhoneSimulator.Deploy.0 = Debug|Any CPU
		{518F840A-401D-4B51-9C06-732A02006CCF}.Debug|x64.ActiveCfg = Debug|Any CPU
		{518F840A-401D-4B51-9C06-732A02006CCF}.Debug|x64.Build.0 = Debug|Any CPU
		{518F840A-401D-4B51-9C06-732A02006CCF}.Debug|x64.Deploy.0 = Debug|Any CPU
		{518F840A-401D-4B51-9C06-732A02006CCF}.Debug|x86.ActiveCfg = Debug|Any CPU
		{518F840A-401D-4B51-9C06-732A02006CCF}.Debug|x86.Build.0 = Debug|Any CPU
		{518F840A-401D-4B51-9C06-732A02006CCF}.Debug|x86.Deploy.0 = Debug|Any CPU
		{518F840A-401D-4B51-9C06-732A02006CCF}.Release|Any CPU.ActiveCfg = Release|Any CPU
		{518F840A-401D-4B51-9C06-732A02006CCF}.Release|Any CPU.Build.0 = Release|Any CPU
		{518F840A-401D-4B51-9C06-732A02006CCF}.Release|Any CPU.Deploy.0 = Release|Any CPU
		{518F840A-401D-4B51-9C06-732A02006CCF}.Release|ARM.ActiveCfg = Release|Any CPU
		{518F840A-401D-4B51-9C06-732A02006CCF}.Release|ARM.Build.0 = Release|Any CPU
		{518F840A-401D-4B51-9C06-732A02006CCF}.Release|ARM.Deploy.0 = Release|Any CPU
		{518F840A-401D-4B51-9C06-732A02006CCF}.Release|iPhone.ActiveCfg = Release|Any CPU
		{518F840A-401D-4B51-9C06-732A02006CCF}.Release|iPhone.Build.0 = Release|Any CPU
		{518F840A-401D-4B51-9C06-732A02006CCF}.Release|iPhone.Deploy.0 = Release|Any CPU
		{518F840A-401D-4B51-9C06-732A02006CCF}.Release|iPhoneSimulator.ActiveCfg = Release|Any CPU
		{518F840A-401D-4B51-9C06-732A02006CCF}.Release|iPhoneSimulator.Build.0 = Release|Any CPU
		{518F840A-401D-4B51-9C06-732A02006CCF}.Release|iPhoneSimulator.Deploy.0 = Release|Any CPU
		{518F840A-401D-4B51-9C06-732A02006CCF}.Release|x64.ActiveCfg = Release|Any CPU
		{518F840A-401D-4B51-9C06-732A02006CCF}.Release|x64.Build.0 = Release|Any CPU
		{518F840A-401D-4B51-9C06-732A02006CCF}.Release|x64.Deploy.0 = Release|Any CPU
		{518F840A-401D-4B51-9C06-732A02006CCF}.Release|x86.ActiveCfg = Release|Any CPU
		{518F840A-401D-4B51-9C06-732A02006CCF}.Release|x86.Build.0 = Release|Any CPU
		{518F840A-401D-4B51-9C06-732A02006CCF}.Release|x86.Deploy.0 = Release|Any CPU
		{A6BC824F-139D-49D7-B1FA-A199B92487CE}.Debug|Any CPU.ActiveCfg = Debug|iPhone
		{A6BC824F-139D-49D7-B1FA-A199B92487CE}.Debug|ARM.ActiveCfg = Debug|iPhone
		{A6BC824F-139D-49D7-B1FA-A199B92487CE}.Debug|iPhone.ActiveCfg = Debug|iPhone
		{A6BC824F-139D-49D7-B1FA-A199B92487CE}.Debug|iPhone.Build.0 = Debug|iPhone
		{A6BC824F-139D-49D7-B1FA-A199B92487CE}.Debug|iPhoneSimulator.ActiveCfg = Debug|iPhoneSimulator
		{A6BC824F-139D-49D7-B1FA-A199B92487CE}.Debug|iPhoneSimulator.Build.0 = Debug|iPhoneSimulator
		{A6BC824F-139D-49D7-B1FA-A199B92487CE}.Debug|x64.ActiveCfg = Debug|iPhone
		{A6BC824F-139D-49D7-B1FA-A199B92487CE}.Debug|x86.ActiveCfg = Debug|iPhone
		{A6BC824F-139D-49D7-B1FA-A199B92487CE}.Release|Any CPU.ActiveCfg = Release|iPhone
		{A6BC824F-139D-49D7-B1FA-A199B92487CE}.Release|ARM.ActiveCfg = Release|iPhone
		{A6BC824F-139D-49D7-B1FA-A199B92487CE}.Release|iPhone.ActiveCfg = Release|iPhone
		{A6BC824F-139D-49D7-B1FA-A199B92487CE}.Release|iPhone.Build.0 = Release|iPhone
		{A6BC824F-139D-49D7-B1FA-A199B92487CE}.Release|iPhoneSimulator.ActiveCfg = Release|iPhoneSimulator
		{A6BC824F-139D-49D7-B1FA-A199B92487CE}.Release|iPhoneSimulator.Build.0 = Release|iPhoneSimulator
		{A6BC824F-139D-49D7-B1FA-A199B92487CE}.Release|x64.ActiveCfg = Release|iPhone
		{A6BC824F-139D-49D7-B1FA-A199B92487CE}.Release|x86.ActiveCfg = Release|iPhone
		{828FEC83-EFB0-4E18-8C84-D110B7D9CD00}.Debug|Any CPU.ActiveCfg = Debug|Any CPU
		{828FEC83-EFB0-4E18-8C84-D110B7D9CD00}.Debug|Any CPU.Build.0 = Debug|Any CPU
		{828FEC83-EFB0-4E18-8C84-D110B7D9CD00}.Debug|ARM.ActiveCfg = Debug|Any CPU
		{828FEC83-EFB0-4E18-8C84-D110B7D9CD00}.Debug|ARM.Build.0 = Debug|Any CPU
		{828FEC83-EFB0-4E18-8C84-D110B7D9CD00}.Debug|iPhone.ActiveCfg = Debug|Any CPU
		{828FEC83-EFB0-4E18-8C84-D110B7D9CD00}.Debug|iPhone.Build.0 = Debug|Any CPU
		{828FEC83-EFB0-4E18-8C84-D110B7D9CD00}.Debug|iPhoneSimulator.ActiveCfg = Debug|Any CPU
		{828FEC83-EFB0-4E18-8C84-D110B7D9CD00}.Debug|iPhoneSimulator.Build.0 = Debug|Any CPU
		{828FEC83-EFB0-4E18-8C84-D110B7D9CD00}.Debug|x64.ActiveCfg = Debug|Any CPU
		{828FEC83-EFB0-4E18-8C84-D110B7D9CD00}.Debug|x64.Build.0 = Debug|Any CPU
		{828FEC83-EFB0-4E18-8C84-D110B7D9CD00}.Debug|x86.ActiveCfg = Debug|Any CPU
		{828FEC83-EFB0-4E18-8C84-D110B7D9CD00}.Debug|x86.Build.0 = Debug|Any CPU
		{828FEC83-EFB0-4E18-8C84-D110B7D9CD00}.Release|Any CPU.ActiveCfg = Release|Any CPU
		{828FEC83-EFB0-4E18-8C84-D110B7D9CD00}.Release|Any CPU.Build.0 = Release|Any CPU
		{828FEC83-EFB0-4E18-8C84-D110B7D9CD00}.Release|ARM.ActiveCfg = Release|Any CPU
		{828FEC83-EFB0-4E18-8C84-D110B7D9CD00}.Release|ARM.Build.0 = Release|Any CPU
		{828FEC83-EFB0-4E18-8C84-D110B7D9CD00}.Release|iPhone.ActiveCfg = Release|Any CPU
		{828FEC83-EFB0-4E18-8C84-D110B7D9CD00}.Release|iPhone.Build.0 = Release|Any CPU
		{828FEC83-EFB0-4E18-8C84-D110B7D9CD00}.Release|iPhoneSimulator.ActiveCfg = Release|Any CPU
		{828FEC83-EFB0-4E18-8C84-D110B7D9CD00}.Release|iPhoneSimulator.Build.0 = Release|Any CPU
		{828FEC83-EFB0-4E18-8C84-D110B7D9CD00}.Release|x64.ActiveCfg = Release|Any CPU
		{828FEC83-EFB0-4E18-8C84-D110B7D9CD00}.Release|x64.Build.0 = Release|Any CPU
		{828FEC83-EFB0-4E18-8C84-D110B7D9CD00}.Release|x86.ActiveCfg = Release|Any CPU
		{828FEC83-EFB0-4E18-8C84-D110B7D9CD00}.Release|x86.Build.0 = Release|Any CPU
		{CD7C1C24-51E4-4953-A735-8C5892213700}.Debug|Any CPU.ActiveCfg = Debug|Any CPU
		{CD7C1C24-51E4-4953-A735-8C5892213700}.Debug|Any CPU.Build.0 = Debug|Any CPU
		{CD7C1C24-51E4-4953-A735-8C5892213700}.Debug|ARM.ActiveCfg = Debug|Any CPU
		{CD7C1C24-51E4-4953-A735-8C5892213700}.Debug|ARM.Build.0 = Debug|Any CPU
		{CD7C1C24-51E4-4953-A735-8C5892213700}.Debug|iPhone.ActiveCfg = Debug|Any CPU
		{CD7C1C24-51E4-4953-A735-8C5892213700}.Debug|iPhone.Build.0 = Debug|Any CPU
		{CD7C1C24-51E4-4953-A735-8C5892213700}.Debug|iPhoneSimulator.ActiveCfg = Debug|Any CPU
		{CD7C1C24-51E4-4953-A735-8C5892213700}.Debug|iPhoneSimulator.Build.0 = Debug|Any CPU
		{CD7C1C24-51E4-4953-A735-8C5892213700}.Debug|x64.ActiveCfg = Debug|Any CPU
		{CD7C1C24-51E4-4953-A735-8C5892213700}.Debug|x64.Build.0 = Debug|Any CPU
		{CD7C1C24-51E4-4953-A735-8C5892213700}.Debug|x86.ActiveCfg = Debug|Any CPU
		{CD7C1C24-51E4-4953-A735-8C5892213700}.Debug|x86.Build.0 = Debug|Any CPU
		{CD7C1C24-51E4-4953-A735-8C5892213700}.Release|Any CPU.ActiveCfg = Release|Any CPU
		{CD7C1C24-51E4-4953-A735-8C5892213700}.Release|Any CPU.Build.0 = Release|Any CPU
		{CD7C1C24-51E4-4953-A735-8C5892213700}.Release|ARM.ActiveCfg = Release|Any CPU
		{CD7C1C24-51E4-4953-A735-8C5892213700}.Release|ARM.Build.0 = Release|Any CPU
		{CD7C1C24-51E4-4953-A735-8C5892213700}.Release|iPhone.ActiveCfg = Release|Any CPU
		{CD7C1C24-51E4-4953-A735-8C5892213700}.Release|iPhone.Build.0 = Release|Any CPU
		{CD7C1C24-51E4-4953-A735-8C5892213700}.Release|iPhoneSimulator.ActiveCfg = Release|Any CPU
		{CD7C1C24-51E4-4953-A735-8C5892213700}.Release|iPhoneSimulator.Build.0 = Release|Any CPU
		{CD7C1C24-51E4-4953-A735-8C5892213700}.Release|x64.ActiveCfg = Release|Any CPU
		{CD7C1C24-51E4-4953-A735-8C5892213700}.Release|x64.Build.0 = Release|Any CPU
		{CD7C1C24-51E4-4953-A735-8C5892213700}.Release|x86.ActiveCfg = Release|Any CPU
		{CD7C1C24-51E4-4953-A735-8C5892213700}.Release|x86.Build.0 = Release|Any CPU
		{84CD07F2-1B41-422B-9849-B5A1B7AE9119}.Debug|Any CPU.ActiveCfg = Debug|Any CPU
		{84CD07F2-1B41-422B-9849-B5A1B7AE9119}.Debug|Any CPU.Build.0 = Debug|Any CPU
		{84CD07F2-1B41-422B-9849-B5A1B7AE9119}.Debug|ARM.ActiveCfg = Debug|Any CPU
		{84CD07F2-1B41-422B-9849-B5A1B7AE9119}.Debug|ARM.Build.0 = Debug|Any CPU
		{84CD07F2-1B41-422B-9849-B5A1B7AE9119}.Debug|iPhone.ActiveCfg = Debug|Any CPU
		{84CD07F2-1B41-422B-9849-B5A1B7AE9119}.Debug|iPhone.Build.0 = Debug|Any CPU
		{84CD07F2-1B41-422B-9849-B5A1B7AE9119}.Debug|iPhoneSimulator.ActiveCfg = Debug|Any CPU
		{84CD07F2-1B41-422B-9849-B5A1B7AE9119}.Debug|iPhoneSimulator.Build.0 = Debug|Any CPU
		{84CD07F2-1B41-422B-9849-B5A1B7AE9119}.Debug|x64.ActiveCfg = Debug|Any CPU
		{84CD07F2-1B41-422B-9849-B5A1B7AE9119}.Debug|x64.Build.0 = Debug|Any CPU
		{84CD07F2-1B41-422B-9849-B5A1B7AE9119}.Debug|x86.ActiveCfg = Debug|Any CPU
		{84CD07F2-1B41-422B-9849-B5A1B7AE9119}.Debug|x86.Build.0 = Debug|Any CPU
		{84CD07F2-1B41-422B-9849-B5A1B7AE9119}.Release|Any CPU.ActiveCfg = Release|Any CPU
		{84CD07F2-1B41-422B-9849-B5A1B7AE9119}.Release|Any CPU.Build.0 = Release|Any CPU
		{84CD07F2-1B41-422B-9849-B5A1B7AE9119}.Release|ARM.ActiveCfg = Release|Any CPU
		{84CD07F2-1B41-422B-9849-B5A1B7AE9119}.Release|ARM.Build.0 = Release|Any CPU
		{84CD07F2-1B41-422B-9849-B5A1B7AE9119}.Release|iPhone.ActiveCfg = Release|Any CPU
		{84CD07F2-1B41-422B-9849-B5A1B7AE9119}.Release|iPhone.Build.0 = Release|Any CPU
		{84CD07F2-1B41-422B-9849-B5A1B7AE9119}.Release|iPhoneSimulator.ActiveCfg = Release|Any CPU
		{84CD07F2-1B41-422B-9849-B5A1B7AE9119}.Release|iPhoneSimulator.Build.0 = Release|Any CPU
		{84CD07F2-1B41-422B-9849-B5A1B7AE9119}.Release|x64.ActiveCfg = Release|Any CPU
		{84CD07F2-1B41-422B-9849-B5A1B7AE9119}.Release|x64.Build.0 = Release|Any CPU
		{84CD07F2-1B41-422B-9849-B5A1B7AE9119}.Release|x86.ActiveCfg = Release|Any CPU
		{84CD07F2-1B41-422B-9849-B5A1B7AE9119}.Release|x86.Build.0 = Release|Any CPU
	EndGlobalSection
	GlobalSection(SolutionProperties) = preSolution
		HideSolutionNode = FALSE
	EndGlobalSection
	GlobalSection(NestedProjects) = preSolution
		{CF7B58FA-E858-4C62-8A14-BE3319A37E5E} = {F9856B6B-C90A-416A-8305-567C76D3E731}
		{3D6AB854-F9DA-43D4-BF63-417AAD68D532} = {A915F2B1-CA9E-4447-8848-8896DB274A5F}
		{518F840A-401D-4B51-9C06-732A02006CCF} = {A915F2B1-CA9E-4447-8848-8896DB274A5F}
		{A6BC824F-139D-49D7-B1FA-A199B92487CE} = {A915F2B1-CA9E-4447-8848-8896DB274A5F}
		{828FEC83-EFB0-4E18-8C84-D110B7D9CD00} = {A915F2B1-CA9E-4447-8848-8896DB274A5F}
	EndGlobalSection
	GlobalSection(ExtensibilityGlobals) = postSolution
		SolutionGuid = {5C0D010B-D3C9-4053-A008-F128FBE4C346}
	EndGlobalSection
EndGlobal
